{
  "name": "sneakoscope",
  "version": "0.6.87",
  "lockfileVersion": 3,
  "requires": true,
  "packages": {
    "": {
      "name": "sneakoscope",
      "version": "0.6.87",
      "hasInstallScript": true,
      "license": "MIT",
      "bin": {
        "sks": "bin/sks.mjs",
        "sneakoscope": "bin/sks.mjs"
      },
      "engines": {
        "node": ">=20.11"
      }
    }
  }
}
